
Microsoft Visual Studio Solution File, Format Version 12.00
# Visual Studio Version 17
VisualStudioVersion = 17.0.31903.59
MinimumVisualStudioVersion = 10.0.40219.1
Project("{FAE04EC0-301F-11D3-BF4B-00C04F79EFBC}") = "PromITTestTask", "PromITTestTask\PromITTestTask.csproj", "{F72473A6-8FCD-417B-A160-1426A9C01ACE}"
EndProject
Global
	GlobalSection(SolutionConfigurationPlatforms) = preSolution
		Debug|Any CPU = Debug|Any CPU
		Release|Any CPU = Release|Any CPU
	EndGlobalSection
	GlobalSection(SolutionProperties) = preSolution
		HideSolutionNode = FALSE
	EndGlobalSection
	GlobalSection(ProjectConfigurationPlatforms) = postSolution
		{F72473A6-8FCD-417B-A160-1426A9C01ACE}.Debug|Any CPU.ActiveCfg = Debug|Any CPU
		{F72473A6-8FCD-417B-A160-1426A9C01ACE}.Debug|Any CPU.Build.0 = Debug|Any CPU
		{F72473A6-8FCD-417B-A160-1426A9C01ACE}.Release|Any CPU.ActiveCfg = Release|Any CPU
		{F72473A6-8FCD-417B-A160-1426A9C01ACE}.Release|Any CPU.Build.0 = Release|Any CPU
	EndGlobalSection
EndGlobal
